
Microsoft Visual Studio Solution File, Format Version 12.00
# Visual Studio Version 17
VisualStudioVersion = 17.0.31903.59
MinimumVisualStudioVersion = 10.0.40219.1
Project("{FAE04EC0-301F-11D3-BF4B-00C04F79EFBC}") = "IntegrationTests", "IntegrationTests\IntegrationTests.csproj", "{1750E5CB-272E-48F9-B707-DCE6A9C95692}"
EndProject
Project("{FAE04EC0-301F-11D3-BF4B-00C04F79EFBC}") = "Ave.Testing.ModelContextProtocol", "Ave.Testing.ModelContextProtocol\Ave.Testing.ModelContextProtocol.csproj", "{6654B3F2-D6C3-4E9C-A066-736E99E79B13}"
EndProject
Project("{FAE04EC0-301F-11D3-BF4B-00C04F79EFBC}") = "UnitTests.Testing.ModelContextProtocol", "UnitTests.Testing.ModelContextProtocol\UnitTests.Testing.ModelContextProtocol.csproj", "{C4A614ED-1E2A-4F2E-A718-B1C889A4EA9E}"
EndProject
Global
	GlobalSection(SolutionConfigurationPlatforms) = preSolution
		Debug|Any CPU = Debug|Any CPU
		Release|Any CPU = Release|Any CPU
	EndGlobalSection
	GlobalSection(SolutionProperties) = preSolution
		HideSolutionNode = FALSE
	EndGlobalSection
	GlobalSection(ProjectConfigurationPlatforms) = postSolution
		{1750E5CB-272E-48F9-B707-DCE6A9C95692}.Debug|Any CPU.ActiveCfg = Debug|Any CPU
		{1750E5CB-272E-48F9-B707-DCE6A9C95692}.Debug|Any CPU.Build.0 = Debug|Any CPU
		{1750E5CB-272E-48F9-B707-DCE6A9C95692}.Release|Any CPU.ActiveCfg = Release|Any CPU
		{1750E5CB-272E-48F9-B707-DCE6A9C95692}.Release|Any CPU.Build.0 = Release|Any CPU
		{6654B3F2-D6C3-4E9C-A066-736E99E79B13}.Debug|Any CPU.ActiveCfg = Debug|Any CPU
		{6654B3F2-D6C3-4E9C-A066-736E99E79B13}.Debug|Any CPU.Build.0 = Debug|Any CPU
		{6654B3F2-D6C3-4E9C-A066-736E99E79B13}.Release|Any CPU.ActiveCfg = Release|Any CPU
		{6654B3F2-D6C3-4E9C-A066-736E99E79B13}.Release|Any CPU.Build.0 = Release|Any CPU
		{C4A614ED-1E2A-4F2E-A718-B1C889A4EA9E}.Debug|Any CPU.ActiveCfg = Debug|Any CPU
		{C4A614ED-1E2A-4F2E-A718-B1C889A4EA9E}.Debug|Any CPU.Build.0 = Debug|Any CPU
		{C4A614ED-1E2A-4F2E-A718-B1C889A4EA9E}.Release|Any CPU.ActiveCfg = Release|Any CPU
		{C4A614ED-1E2A-4F2E-A718-B1C889A4EA9E}.Release|Any CPU.Build.0 = Release|Any CPU
	EndGlobalSection
EndGlobal
